<?xml version="1.0" encoding="utf-8"?>
<Project ToolsVersion="4.0" xmlns="http://schemas.microsoft.com/developer/msbuild/2003">
  <ItemGroup>
    <Filter Include="Source Files">
      <UniqueIdentifier>{4FC737F1-C7A5-4376-A066-2A32D752A2FF}</UniqueIdentifier>
      <Extensions>cpp;c;cc;cxx;c++;cppm;ixx;def;odl;idl;hpj;bat;asm;asmx</Extensions>
    </Filter>
    <Filter Include="Header Files">
      <UniqueIdentifier>{93995380-89BD-4b04-88EB-625FBE52EBFB}</UniqueIdentifier>
      <Extensions>h;hh;hpp;hxx;h++;hm;inl;inc;ipp;xsd</Extensions>
    </Filter>
    <Filter Include="Resource Files">
      <UniqueIdentifier>{67DA6AB6-F800-4c08-8B7A-83BB121AAD01}</UniqueIdentifier>
      <Extensions>rc;ico;cur;bmp;dlg;rc2;rct;bin;rgs;gif;jpg;jpeg;jpe;resx;tiff;tif;png;wav;mfcribbon-ms</Extensions>
    </Filter>
  </ItemGroup>
  <ItemGroup>
    <None Include="Cmd Batches\Stellaris_Sign.bat">
      <Filter>Source Files</Filter>
    </None>
    <None Include="Resources\Stellaris_EnglishUS.rc2">
      <Filter>Resource Files</Filter>
    </None>
    <None Include="Resources\Shaders\Stellaris_DefaultFragmentShader.glsl" />
    <None Include="Resources\Shaders\Stellaris_DefaultVertexShader.glsl" />
  </ItemGroup>
  <ItemGroup>
    <ClInclude Include="Headers\Stellaris.hpp">
      <Filter>Header Files</Filter>
    </ClInclude>
    <ClInclude Include="Headers\Stellaris_Dependencies.hpp">
      <Filter>Header Files</Filter>
    </ClInclude>
    <ClInclude Include="Headers\Stellaris_Macros.hpp">
      <Filter>Header Files</Filter>
    </ClInclude>
    <ClInclude Include="Headers\Stellaris_Resources.hpp">
      <Filter>Header Files</Filter>
    </ClInclude>
    <ClInclude Include="Headers\Stellaris_Templates.hpp">
      <Filter>Header Files</Filter>
    </ClInclude>
    <ClInclude Include="Headers\Stellaris_Application.hpp">
      <Filter>Header Files</Filter>
    </ClInclude>
    <ClInclude Include="Headers\Stellaris_PlayMenu.hpp">
      <Filter>Header Files</Filter>
    </ClInclude>
    <ClInclude Include="Headers\Stellaris_Window.hpp">
      <Filter>Header Files</Filter>
    </ClInclude>
    <ClInclude Include="Headers\Stellaris_StartMenu.hpp">
      <Filter>Header Files</Filter>
    </ClInclude>
    <ClInclude Include="Headers\Stellaris_RestartMenu.hpp">
      <Filter>Header Files</Filter>
    </ClInclude>
  </ItemGroup>
  <ItemGroup>
    <Image Include="Resources\Icons\Stellaris_MainIcon.ico">
      <Filter>Resource Files</Filter>
    </Image>
    <Image Include="Files\Sprites\Characters.bmp">
      <Filter>Resource Files</Filter>
    </Image>
    <Image Include="Files\Sprites\Background.bmp">
      <Filter>Resource Files</Filter>
    </Image>
    <Image Include="Files\Sprites\Sprites.bmp">
      <Filter>Resource Files</Filter>
    </Image>
    <Image Include="Files\Map.bmp">
      <Filter>Resource Files</Filter>
    </Image>
  </ItemGroup>
  <ItemGroup>
    <Manifest Include="Resources\Manifests\Stellaris_MainManifest.manifest" />
  </ItemGroup>
  <ItemGroup>
    <ResourceCompile Include="Resources\Stellaris_Resources.rc">
      <Filter>Resource Files</Filter>
    </ResourceCompile>
  </ItemGroup>
  <ItemGroup>
    <ClCompile Include="Sources\Stellaris_EntryPoint.cpp">
      <Filter>Source Files</Filter>
    </ClCompile>
    <ClCompile Include="Sources\Stellaris_Application.cpp">
      <Filter>Source Files</Filter>
    </ClCompile>
    <ClCompile Include="Sources\Stellaris_PlayMenu.cpp">
      <Filter>Source Files</Filter>
    </ClCompile>
    <ClCompile Include="Sources\Stellaris_Window.cpp">
      <Filter>Source Files</Filter>
    </ClCompile>
    <ClCompile Include="Sources\Stellaris_StartMenu.cpp">
      <Filter>Source Files</Filter>
    </ClCompile>
    <ClCompile Include="Sources\Stellaris_RestartMenu.cpp">
      <Filter>Source Files</Filter>
    </ClCompile>
  </ItemGroup>
  <ItemGroup>
    <Media Include="Files\Sound\Background.wav">
      <Filter>Resource Files</Filter>
    </Media>
    <Media Include="Files\Sound\Collect SFX.wav">
      <Filter>Resource Files</Filter>
    </Media>
  </ItemGroup>
</Project>